
Microsoft Visual Studio Solution File, Format Version 12.00
# Visual Studio Version 16
VisualStudioVersion = 16.0.29519.87
MinimumVisualStudioVersion = 10.0.40219.1
Project("{FAE04EC0-301F-11D3-BF4B-00C04F79EFBC}") = "InClass08", "InClass08\InClass08.csproj", "{2DD1B3AA-1C75-4FB2-B3F0-06FCB8D4249C}"
EndProject
Global
	GlobalSection(SolutionConfigurationPlatforms) = preSolution
		Debug|Any CPU = Debug|Any CPU
		Release|Any CPU = Release|Any CPU
	EndGlobalSection
	GlobalSection(ProjectConfigurationPlatforms) = postSolution
		{2DD1B3AA-1C75-4FB2-B3F0-06FCB8D4249C}.Debug|Any CPU.ActiveCfg = Debug|Any CPU
		{2DD1B3AA-1C75-4FB2-B3F0-06FCB8D4249C}.Debug|Any CPU.Build.0 = Debug|Any CPU
		{2DD1B3AA-1C75-4FB2-B3F0-06FCB8D4249C}.Release|Any CPU.ActiveCfg = Release|Any CPU
		{2DD1B3AA-1C75-4FB2-B3F0-06FCB8D4249C}.Release|Any CPU.Build.0 = Release|Any CPU
	EndGlobalSection
	GlobalSection(SolutionProperties) = preSolution
		HideSolutionNode = FALSE
	EndGlobalSection
	GlobalSection(ExtensibilityGlobals) = postSolution
		SolutionGuid = {F68DA653-73D7-4724-9DF6-F4741B965D58}
	EndGlobalSection
EndGlobal
