
Microsoft Visual Studio Solution File, Format Version 12.00
# Visual Studio Version 16
VisualStudioVersion = 16.0.29102.190
MinimumVisualStudioVersion = 10.0.40219.1
Project("{FAE04EC0-301F-11D3-BF4B-00C04F79EFBC}") = "Reciept Example Week 6", "Reciept Example Week 6\Reciept Example Week 6.csproj", "{A019A1C3-58E0-4E83-90F3-E680F63E6EE9}"
EndProject
Global
	GlobalSection(SolutionConfigurationPlatforms) = preSolution
		Debug|Any CPU = Debug|Any CPU
		Release|Any CPU = Release|Any CPU
	EndGlobalSection
	GlobalSection(ProjectConfigurationPlatforms) = postSolution
		{A019A1C3-58E0-4E83-90F3-E680F63E6EE9}.Debug|Any CPU.ActiveCfg = Debug|Any CPU
		{A019A1C3-58E0-4E83-90F3-E680F63E6EE9}.Debug|Any CPU.Build.0 = Debug|Any CPU
		{A019A1C3-58E0-4E83-90F3-E680F63E6EE9}.Release|Any CPU.ActiveCfg = Release|Any CPU
		{A019A1C3-58E0-4E83-90F3-E680F63E6EE9}.Release|Any CPU.Build.0 = Release|Any CPU
	EndGlobalSection
	GlobalSection(SolutionProperties) = preSolution
		HideSolutionNode = FALSE
	EndGlobalSection
	GlobalSection(ExtensibilityGlobals) = postSolution
		SolutionGuid = {8710DB70-C361-4562-83E7-A73ECF6321A4}
	EndGlobalSection
EndGlobal
