
Microsoft Visual Studio Solution File, Format Version 12.00
# Visual Studio Version 16
VisualStudioVersion = 16.0.29424.173
MinimumVisualStudioVersion = 10.0.40219.1
Project("{FAE04EC0-301F-11D3-BF4B-00C04F79EFBC}") = "Lab 03", "Lab 03\Lab 03.csproj", "{65E7EA26-6A75-4F69-A318-5BE67DD959DD}"
EndProject
Global
	GlobalSection(SolutionConfigurationPlatforms) = preSolution
		Debug|Any CPU = Debug|Any CPU
		Release|Any CPU = Release|Any CPU
	EndGlobalSection
	GlobalSection(ProjectConfigurationPlatforms) = postSolution
		{65E7EA26-6A75-4F69-A318-5BE67DD959DD}.Debug|Any CPU.ActiveCfg = Debug|Any CPU
		{65E7EA26-6A75-4F69-A318-5BE67DD959DD}.Debug|Any CPU.Build.0 = Debug|Any CPU
		{65E7EA26-6A75-4F69-A318-5BE67DD959DD}.Release|Any CPU.ActiveCfg = Release|Any CPU
		{65E7EA26-6A75-4F69-A318-5BE67DD959DD}.Release|Any CPU.Build.0 = Release|Any CPU
	EndGlobalSection
	GlobalSection(SolutionProperties) = preSolution
		HideSolutionNode = FALSE
	EndGlobalSection
	GlobalSection(ExtensibilityGlobals) = postSolution
		SolutionGuid = {641F8357-C10D-4F95-AF3D-553ACB77BB23}
	EndGlobalSection
EndGlobal
